<?xml version="1.0" encoding="utf-8"?>
<Project ToolsVersion="4.0" xmlns="http://schemas.microsoft.com/developer/msbuild/2003">
  <ItemGroup>
    <ClCompile Include="D3DApp.cpp">
      <Filter>Core</Filter>
    </ClCompile>
    <ClCompile Include="Timer.cpp">
      <Filter>Core</Filter>
    </ClCompile>
    <ClCompile Include="dv1416_final_project.cpp" />
    <ClCompile Include="EventReceiver.cpp">
      <Filter>GUI</Filter>
    </ClCompile>
    <ClCompile Include="Menu.cpp">
      <Filter>GUI\Menu</Filter>
    </ClCompile>
    <ClCompile Include="Toolbar.cpp">
      <Filter>GUI\Subwindows\Toolbar</Filter>
    </ClCompile>
    <ClCompile Include="Camera.cpp">
      <Filter>Camera</Filter>
    </ClCompile>
    <ClCompile Include="renderTarget.cpp" />
    <ClCompile Include="Terrain.cpp">
      <Filter>Terrain</Filter>
    </ClCompile>
    <ClCompile Include="Shader.cpp">
      <Filter>Core</Filter>
    </ClCompile>
    <ClCompile Include="Buffer.cpp">
      <Filter>Core</Filter>
    </ClCompile>
    <ClCompile Include="Vertex.cpp">
      <Filter>Vertex</Filter>
    </ClCompile>
    <ClCompile Include="ShaderManager.cpp">
      <Filter>Core</Filter>
    </ClCompile>
    <ClCompile Include="Utilities.cpp">
      <Filter>Utilities</Filter>
    </ClCompile>
    <ClCompile Include="Light.cpp">
      <Filter>Light</Filter>
    </ClCompile>
    <ClCompile Include="LightManager.cpp">
      <Filter>Light</Filter>
    </ClCompile>
    <ClCompile Include="Subwindow.cpp">
      <Filter>GUI\Subwindows</Filter>
    </ClCompile>
    <ClCompile Include="LevelToolWindow.cpp">
      <Filter>GUI\Subwindows\Tools</Filter>
    </ClCompile>
    <ClCompile Include="Tool.cpp">
      <Filter>Tools</Filter>
    </ClCompile>
    <ClCompile Include="LevelTool.cpp">
      <Filter>Tools</Filter>
    </ClCompile>
    <ClCompile Include="ShadowManager.cpp">
      <Filter>Shadow</Filter>
    </ClCompile>
    <ClCompile Include="TextureToolWindow.cpp">
      <Filter>GUI\Subwindows\Tools</Filter>
    </ClCompile>
    <ClCompile Include="TextureTool.cpp">
      <Filter>Tools</Filter>
    </ClCompile>
    <ClCompile Include="GUI.cpp">
      <Filter>GUI</Filter>
    </ClCompile>
    <ClCompile Include="TerrainOptions.cpp">
      <Filter>GUI\Subwindows\Options</Filter>
    </ClCompile>
    <ClCompile Include="SelectionOptions.cpp">
      <Filter>GUI\Subwindows\Options</Filter>
    </ClCompile>
    <ClCompile Include="TrackbarWindow.cpp">
      <Filter>GUI\Subwindows</Filter>
    </ClCompile>
  </ItemGroup>
  <ItemGroup>
    <Filter Include="Core">
      <UniqueIdentifier>{a610802a-cb24-4c46-9e8e-08f524b4dc1d}</UniqueIdentifier>
    </Filter>
    <Filter Include="Precompiled Header">
      <UniqueIdentifier>{533852db-4e57-4892-b740-bd9082f92a20}</UniqueIdentifier>
    </Filter>
    <Filter Include="GUI">
      <UniqueIdentifier>{d4a0fa8a-7f5c-444c-a2b4-07fc7bade7d1}</UniqueIdentifier>
    </Filter>
    <Filter Include="GUI\Menu">
      <UniqueIdentifier>{47c767dc-f7a1-444d-9197-df849b6256e1}</UniqueIdentifier>
    </Filter>
    <Filter Include="Camera">
      <UniqueIdentifier>{187bcbda-2839-4643-bedf-dfaa0b9fb26a}</UniqueIdentifier>
    </Filter>
    <Filter Include="Terrain">
      <UniqueIdentifier>{2305dd57-3458-4fbf-8e32-4a04b8f04a07}</UniqueIdentifier>
    </Filter>
    <Filter Include="Vertex">
      <UniqueIdentifier>{8445a9ff-e3de-4fce-be5c-439a966ab621}</UniqueIdentifier>
    </Filter>
    <Filter Include="Shaders">
      <UniqueIdentifier>{673354ad-40e9-489a-b528-ad47dd5567be}</UniqueIdentifier>
    </Filter>
    <Filter Include="Utilities">
      <UniqueIdentifier>{824a8e1c-022b-4e06-8b9a-dafb849bd89a}</UniqueIdentifier>
    </Filter>
    <Filter Include="Light">
      <UniqueIdentifier>{5918e944-bff7-471d-b9b6-fd56e308fb33}</UniqueIdentifier>
    </Filter>
    <Filter Include="Tools">
      <UniqueIdentifier>{833e0720-480f-49b9-9c19-0228c36d9aa7}</UniqueIdentifier>
    </Filter>
    <Filter Include="GUI\Subwindows">
      <UniqueIdentifier>{6801a670-3de2-44f5-9305-a3e3c74a863e}</UniqueIdentifier>
    </Filter>
    <Filter Include="GUI\Subwindows\Toolbar">
      <UniqueIdentifier>{2f5f839e-8552-4026-8836-f96330e4d910}</UniqueIdentifier>
    </Filter>
    <Filter Include="GUI\Subwindows\Tools">
      <UniqueIdentifier>{f91a82e1-a95a-40e7-bd8c-db6caa453fca}</UniqueIdentifier>
    </Filter>
    <Filter Include="Shadow">
      <UniqueIdentifier>{f71ca997-9cbd-45a4-aeb4-f88bdcb9ba91}</UniqueIdentifier>
    </Filter>
    <Filter Include="GUI\Subwindows\Options">
      <UniqueIdentifier>{c87f86cf-40b7-47c2-81d4-a1a349d00b84}</UniqueIdentifier>
    </Filter>
  </ItemGroup>
  <ItemGroup>
    <ClInclude Include="D3DApp.h">
      <Filter>Core</Filter>
    </ClInclude>
    <ClInclude Include="StdAfx.h">
      <Filter>Precompiled Header</Filter>
    </ClInclude>
    <ClInclude Include="Timer.h">
      <Filter>Core</Filter>
    </ClInclude>
    <ClInclude Include="dv1416_final_project.h" />
    <ClInclude Include="EventReceiver.h">
      <Filter>GUI</Filter>
    </ClInclude>
    <ClInclude Include="Menu.h">
      <Filter>GUI\Menu</Filter>
    </ClInclude>
    <ClInclude Include="Toolbar.h">
      <Filter>GUI\Subwindows\Toolbar</Filter>
    </ClInclude>
    <ClInclude Include="Camera.h">
      <Filter>Camera</Filter>
    </ClInclude>
    <ClInclude Include="renderTarget.h" />
    <ClInclude Include="Terrain.h">
      <Filter>Terrain</Filter>
    </ClInclude>
    <ClInclude Include="Buffer.h">
      <Filter>Core</Filter>
    </ClInclude>
    <ClInclude Include="Shader.h">
      <Filter>Core</Filter>
    </ClInclude>
    <ClInclude Include="Vertex.h">
      <Filter>Vertex</Filter>
    </ClInclude>
    <ClInclude Include="ShaderManager.h">
      <Filter>Core</Filter>
    </ClInclude>
    <ClInclude Include="Utilities.h">
      <Filter>Utilities</Filter>
    </ClInclude>
    <ClInclude Include="Light.h">
      <Filter>Light</Filter>
    </ClInclude>
    <ClInclude Include="LightManager.h">
      <Filter>Light</Filter>
    </ClInclude>
    <ClInclude Include="Subwindow.h">
      <Filter>GUI\Subwindows</Filter>
    </ClInclude>
    <ClInclude Include="LevelToolWindow.h">
      <Filter>GUI\Subwindows\Tools</Filter>
    </ClInclude>
    <ClInclude Include="Tool.h">
      <Filter>Tools</Filter>
    </ClInclude>
    <ClInclude Include="LevelTool.h">
      <Filter>Tools</Filter>
    </ClInclude>
    <ClInclude Include="ShadowManager.h">
      <Filter>Shadow</Filter>
    </ClInclude>
    <ClInclude Include="TextureToolWindow.h">
      <Filter>GUI\Subwindows\Tools</Filter>
    </ClInclude>
    <ClInclude Include="TextureTool.h">
      <Filter>Tools</Filter>
    </ClInclude>
    <ClInclude Include="GUI.h">
      <Filter>GUI</Filter>
    </ClInclude>
    <ClInclude Include="TerrainOptions.h">
      <Filter>GUI\Subwindows\Options</Filter>
    </ClInclude>
    <ClInclude Include="SelectionOptions.h">
      <Filter>GUI\Subwindows\Options</Filter>
    </ClInclude>
    <ClInclude Include="TrackbarWindow.h">
      <Filter>GUI\Subwindows</Filter>
    </ClInclude>
  </ItemGroup>
  <ItemGroup>
    <CustomBuild Include="Shaders\Terrain.fx">
      <Filter>Shaders</Filter>
    </CustomBuild>
    <CustomBuild Include="Shaders\Light.fx">
      <Filter>Shaders</Filter>
    </CustomBuild>
    <CustomBuild Include="Shaders\LightShader.fx">
      <Filter>Shaders</Filter>
    </CustomBuild>
    <CustomBuild Include="Shaders\ShadowmapShader.fx">
      <Filter>Shaders</Filter>
    </CustomBuild>
  </ItemGroup>
  <ItemGroup>
    <None Include="Shaders\Shadow.fx">
      <Filter>Shaders</Filter>
    </None>
  </ItemGroup>
</Project>