<?xml version="1.0" encoding="utf-8"?>
<Project ToolsVersion="4.0" xmlns="http://schemas.microsoft.com/developer/msbuild/2003">
  <ItemGroup>
    <ClCompile Include="D3DApp.cpp">
      <Filter>Core</Filter>
    </ClCompile>
    <ClCompile Include="Timer.cpp">
      <Filter>Core</Filter>
    </ClCompile>
    <ClCompile Include="dv1416_final_project.cpp" />
    <ClCompile Include="EventReceiver.cpp">
      <Filter>GUI</Filter>
    </ClCompile>
    <ClCompile Include="Menu.cpp">
      <Filter>GUI\Menu</Filter>
    </ClCompile>
    <ClCompile Include="Toolbar.cpp">
      <Filter>GUI\Toolbar</Filter>
    </ClCompile>
    <ClCompile Include="renderTarget.cpp" />
  </ItemGroup>
  <ItemGroup>
    <Filter Include="Core">
      <UniqueIdentifier>{a610802a-cb24-4c46-9e8e-08f524b4dc1d}</UniqueIdentifier>
    </Filter>
    <Filter Include="Precompiled Header">
      <UniqueIdentifier>{533852db-4e57-4892-b740-bd9082f92a20}</UniqueIdentifier>
    </Filter>
    <Filter Include="GUI">
      <UniqueIdentifier>{d4a0fa8a-7f5c-444c-a2b4-07fc7bade7d1}</UniqueIdentifier>
    </Filter>
    <Filter Include="GUI\Menu">
      <UniqueIdentifier>{47c767dc-f7a1-444d-9197-df849b6256e1}</UniqueIdentifier>
    </Filter>
    <Filter Include="GUI\Toolbar">
      <UniqueIdentifier>{2f5f839e-8552-4026-8836-f96330e4d910}</UniqueIdentifier>
    </Filter>
  </ItemGroup>
  <ItemGroup>
    <ClInclude Include="D3DApp.h">
      <Filter>Core</Filter>
    </ClInclude>
    <ClInclude Include="StdAfx.h">
      <Filter>Precompiled Header</Filter>
    </ClInclude>
    <ClInclude Include="Timer.h">
      <Filter>Core</Filter>
    </ClInclude>
    <ClInclude Include="dv1416_final_project.h" />
    <ClInclude Include="EventReceiver.h">
      <Filter>GUI</Filter>
    </ClInclude>
    <ClInclude Include="Menu.h">
      <Filter>GUI\Menu</Filter>
    </ClInclude>
    <ClInclude Include="Toolbar.h">
      <Filter>GUI\Toolbar</Filter>
    </ClInclude>
    <ClInclude Include="renderTarget.h" />
  </ItemGroup>
</Project>